Microsoft Visual Studio Solution File, Format Version 12.00
# Visual Studio Version 17
VisualStudioVersion = 17.5.2.0
MinimumVisualStudioVersion = 10.0.40219.1
Project("{FAE04EC0-301F-11D3-BF4B-00C04F79EFBC}") = "lab1c#", "lab1c#.csproj", "{4A8378D4-6C3C-1CA8-CB3D-03D3147E0EC0}"
EndProject
Global
	GlobalSection(SolutionConfigurationPlatforms) = preSolution
		Debug|Any CPU = Debug|Any CPU
		Release|Any CPU = Release|Any CPU
	EndGlobalSection
	GlobalSection(ProjectConfigurationPlatforms) = postSolution
		{4A8378D4-6C3C-1CA8-CB3D-03D3147E0EC0}.Debug|Any CPU.ActiveCfg = Debug|Any CPU
		{4A8378D4-6C3C-1CA8-CB3D-03D3147E0EC0}.Debug|Any CPU.Build.0 = Debug|Any CPU
		{4A8378D4-6C3C-1CA8-CB3D-03D3147E0EC0}.Release|Any CPU.ActiveCfg = Release|Any CPU
		{4A8378D4-6C3C-1CA8-CB3D-03D3147E0EC0}.Release|Any CPU.Build.0 = Release|Any CPU
	EndGlobalSection
	GlobalSection(SolutionProperties) = preSolution
		HideSolutionNode = FALSE
	EndGlobalSection
	GlobalSection(ExtensibilityGlobals) = postSolution
		SolutionGuid = {0B7341AE-EC36-4158-92DF-46418D75CC93}
	EndGlobalSection
EndGlobal
